<Solution>
  <!-- PicoScope.slnx
       Generated by CodeBrix Develop: a CodeBrix.Platform application with
       everything that builds with the plain .NET SDK on Linux, macOS and Windows. -->
  <Project Path="src/PicoScope.UI/PicoScope.UI.shproj" />
  <Project Path="src/PicoScope.Core/PicoScope.Core.csproj" />
  <Project Path="src/PicoScope.LinuxX11/PicoScope.LinuxX11.csproj" />
  <Project Path="src/PicoScope.LinuxWayland/PicoScope.LinuxWayland.csproj" />
  <Project Path="src/PicoScope.LinuxFrameBuffer/PicoScope.LinuxFrameBuffer.csproj" />
  <Project Path="src/PicoScope.Win32Skia/PicoScope.Win32Skia.csproj" />
  <Project Path="src/PicoScope.WinWpfSkia/PicoScope.WinWpfSkia.csproj" />
  <Folder Name="/Libraries/">
    <Project Path="src/libs/PicoScope.ScopeData/PicoScope.ScopeData.csproj" />
    <Project Path="src/libs/PicoScope.ScopeData.Ps2000/PicoScope.ScopeData.Ps2000.csproj" />
  </Folder>
  <Folder Name="/Tests/">
    <Project Path="tests/libs/PicoScope.ScopeData.Tests/PicoScope.ScopeData.Tests.csproj" />
  </Folder>
</Solution>
